
Microsoft Visual Studio Solution File, Format Version 12.00
# Visual Studio Version 17
VisualStudioVersion = 17.8.34525.116
MinimumVisualStudioVersion = 10.0.40219.1
Project("{FAE04EC0-301F-11D3-BF4B-00C04F79EFBC}") = "Rom_Kir_pr_2_v2022_net_8_0", "Rom_Kir_pr_2_v2022_net_8_0\Rom_Kir_pr_2_v2022_net_8_0.csproj", "{8313C999-BF35-45F0-AAD7-DD59BC998FEF}"
EndProject
Global
	GlobalSection(SolutionConfigurationPlatforms) = preSolution
		Debug|Any CPU = Debug|Any CPU
		Release|Any CPU = Release|Any CPU
	EndGlobalSection
	GlobalSection(ProjectConfigurationPlatforms) = postSolution
		{8313C999-BF35-45F0-AAD7-DD59BC998FEF}.Debug|Any CPU.ActiveCfg = Debug|Any CPU
		{8313C999-BF35-45F0-AAD7-DD59BC998FEF}.Debug|Any CPU.Build.0 = Debug|Any CPU
		{8313C999-BF35-45F0-AAD7-DD59BC998FEF}.Release|Any CPU.ActiveCfg = Release|Any CPU
		{8313C999-BF35-45F0-AAD7-DD59BC998FEF}.Release|Any CPU.Build.0 = Release|Any CPU
	EndGlobalSection
	GlobalSection(SolutionProperties) = preSolution
		HideSolutionNode = FALSE
	EndGlobalSection
	GlobalSection(ExtensibilityGlobals) = postSolution
		SolutionGuid = {521E6F41-4422-47CC-B3E8-E0E36DEA68B7}
	EndGlobalSection
EndGlobal
